
Microsoft Visual Studio Solution File, Format Version 12.00
# Visual Studio Version 17
VisualStudioVersion = 17.7.34031.279
MinimumVisualStudioVersion = 10.0.40219.1
Project("{FAE04EC0-301F-11D3-BF4B-00C04F79EFBC}") = "Laxma_WebResume", "Laxma_WebResume\Laxma_WebResume.csproj", "{3E343D1D-D99F-4FAB-8992-53D5528D500B}"
EndProject
Global
	GlobalSection(SolutionConfigurationPlatforms) = preSolution
		Debug|Any CPU = Debug|Any CPU
		Release|Any CPU = Release|Any CPU
	EndGlobalSection
	GlobalSection(ProjectConfigurationPlatforms) = postSolution
		{3E343D1D-D99F-4FAB-8992-53D5528D500B}.Debug|Any CPU.ActiveCfg = Debug|Any CPU
		{3E343D1D-D99F-4FAB-8992-53D5528D500B}.Debug|Any CPU.Build.0 = Debug|Any CPU
		{3E343D1D-D99F-4FAB-8992-53D5528D500B}.Release|Any CPU.ActiveCfg = Release|Any CPU
		{3E343D1D-D99F-4FAB-8992-53D5528D500B}.Release|Any CPU.Build.0 = Release|Any CPU
	EndGlobalSection
	GlobalSection(SolutionProperties) = preSolution
		HideSolutionNode = FALSE
	EndGlobalSection
	GlobalSection(ExtensibilityGlobals) = postSolution
		SolutionGuid = {B1D88BD7-08C3-4469-906F-0F217D195555}
	EndGlobalSection
EndGlobal
